
Microsoft Visual Studio Solution File, Format Version 12.00
# Visual Studio Version 16
VisualStudioVersion = 16.0.30621.155
MinimumVisualStudioVersion = 10.0.40219.1
Project("{FAE04EC0-301F-11D3-BF4B-00C04F79EFBC}") = "WpfForum", "WpfForum\WpfForum.csproj", "{7C996F5F-D748-4BDE-B892-50248A7CD620}"
EndProject
Global
	GlobalSection(SolutionConfigurationPlatforms) = preSolution
		Debug|Any CPU = Debug|Any CPU
		Release|Any CPU = Release|Any CPU
	EndGlobalSection
	GlobalSection(ProjectConfigurationPlatforms) = postSolution
		{7C996F5F-D748-4BDE-B892-50248A7CD620}.Debug|Any CPU.ActiveCfg = Debug|Any CPU
		{7C996F5F-D748-4BDE-B892-50248A7CD620}.Debug|Any CPU.Build.0 = Debug|Any CPU
		{7C996F5F-D748-4BDE-B892-50248A7CD620}.Release|Any CPU.ActiveCfg = Release|Any CPU
		{7C996F5F-D748-4BDE-B892-50248A7CD620}.Release|Any CPU.Build.0 = Release|Any CPU
	EndGlobalSection
	GlobalSection(SolutionProperties) = preSolution
		HideSolutionNode = FALSE
	EndGlobalSection
	GlobalSection(ExtensibilityGlobals) = postSolution
		SolutionGuid = {EB6796DF-7640-4260-AA5A-98A04914337C}
	EndGlobalSection
EndGlobal
